
Microsoft Visual Studio Solution File, Format Version 12.00
# Visual Studio 15
VisualStudioVersion = 15.0.27004.2010
MinimumVisualStudioVersion = 10.0.40219.1
Project("{2150E333-8FDC-42A3-9474-1A3956D46DE8}") = "build", "build", "{F5B1CA65-5852-41C6-9D6F-184A3889237B}"
	ProjectSection(SolutionItems) = preProject
		build.cake = build.cake
		build.ps1 = build.ps1
		build.sh = build.sh
	EndProjectSection
EndProject
Project("{2150E333-8FDC-42A3-9474-1A3956D46DE8}") = "examples", "examples", "{F716F1EF-81EF-4020-914A-5422A13A9E13}"
EndProject
Project("{2150E333-8FDC-42A3-9474-1A3956D46DE8}") = "shared", "shared", "{036F5A7D-2B05-4DE5-9AD8-45162E2F0645}"
	ProjectSection(SolutionItems) = preProject
		shared\dotnetty.com.pfx = shared\dotnetty.com.pfx
	EndProjectSection
EndProject
Project("{2150E333-8FDC-42A3-9474-1A3956D46DE8}") = "src", "src", "{126EA539-4B28-4B07-8B5D-D1D7F794D189}"
EndProject
Project("{2150E333-8FDC-42A3-9474-1A3956D46DE8}") = "test", "test", "{541093F6-616E-43D9-B671-FCD1F9C0A181}"
EndProject
Project("{9A19103F-16F7-4668-BE54-9A1E7A4F7556}") = "DotNetty.Common", "src\DotNetty.Common\DotNetty.Common.csproj", "{DF4FF0D0-A5CE-471F-B946-538C28C21CBB}"
EndProject
Project("{9A19103F-16F7-4668-BE54-9A1E7A4F7556}") = "DotNetty.Buffers", "src\DotNetty.Buffers\DotNetty.Buffers.csproj", "{64508DA2-40F1-4CC3-93E8-EA3B18A64E7E}"
EndProject
Project("{9A19103F-16F7-4668-BE54-9A1E7A4F7556}") = "DotNetty.Transport", "src\DotNetty.Transport\DotNetty.Transport.csproj", "{82796E9E-1331-4858-90C3-8E74BA4CC383}"
EndProject
Project("{9A19103F-16F7-4668-BE54-9A1E7A4F7556}") = "DotNetty.Codecs", "src\DotNetty.Codecs\DotNetty.Codecs.csproj", "{25F7AD69-7836-46E8-9B29-0FBB3C128FFB}"
EndProject
Project("{9A19103F-16F7-4668-BE54-9A1E7A4F7556}") = "DotNetty.Handlers", "src\DotNetty.Handlers\DotNetty.Handlers.csproj", "{12DCCEFD-623B-46CC-979C-407FA265E239}"
EndProject
Project("{9A19103F-16F7-4668-BE54-9A1E7A4F7556}") = "DotNetty.Codecs.Mqtt", "src\DotNetty.Codecs.Mqtt\DotNetty.Codecs.Mqtt.csproj", "{5ADB0FF5-8EFC-475A-BF08-6B35EF728329}"
EndProject
Project("{9A19103F-16F7-4668-BE54-9A1E7A4F7556}") = "DotNetty.Codecs.Protobuf", "src\DotNetty.Codecs.Protobuf\DotNetty.Codecs.Protobuf.csproj", "{D284C2BF-E06E-481B-B301-503A9D477B0E}"
EndProject
Project("{9A19103F-16F7-4668-BE54-9A1E7A4F7556}") = "DotNetty.Codecs.ProtocolBuffers", "src\DotNetty.Codecs.ProtocolBuffers\DotNetty.Codecs.ProtocolBuffers.csproj", "{75A1BCC1-A7F3-4893-99C5-3235F87DB00E}"
EndProject
Project("{9A19103F-16F7-4668-BE54-9A1E7A4F7556}") = "DotNetty.Codecs.Redis", "src\DotNetty.Codecs.Redis\DotNetty.Codecs.Redis.csproj", "{1F442118-A665-4891-B056-FE9E54C5B049}"
EndProject
Project("{9A19103F-16F7-4668-BE54-9A1E7A4F7556}") = "DotNetty.Buffers.Tests", "test\DotNetty.Buffers.Tests\DotNetty.Buffers.Tests.csproj", "{572E1914-489F-402D-944F-71EE0632E5D8}"
EndProject
Project("{9A19103F-16F7-4668-BE54-9A1E7A4F7556}") = "DotNetty.Tests.Common", "test\DotNetty.Tests.Common\DotNetty.Tests.Common.csproj", "{DA54DBAF-CCDA-4AD1-9FF9-EB6F890D1091}"
EndProject
Project("{9A19103F-16F7-4668-BE54-9A1E7A4F7556}") = "DotNetty.Common.Tests", "test\DotNetty.Common.Tests\DotNetty.Common.Tests.csproj", "{72C92F76-F804-4300-BFF1-459420D9EF0B}"
EndProject
Project("{9A19103F-16F7-4668-BE54-9A1E7A4F7556}") = "DotNetty.Codecs.Mqtt.Tests", "test\DotNetty.Codecs.Mqtt.Tests\DotNetty.Codecs.Mqtt.Tests.csproj", "{E31A5D46-71B7-4B7E-A9F8-3F011822F28A}"
EndProject
Project("{9A19103F-16F7-4668-BE54-9A1E7A4F7556}") = "DotNetty.Codecs.Protobuf.Tests", "test\DotNetty.Codecs.Protobuf.Tests\DotNetty.Codecs.Protobuf.Tests.csproj", "{3AF8A62F-F5CE-4C2D-B356-8B9FDFA51668}"
EndProject
Project("{9A19103F-16F7-4668-BE54-9A1E7A4F7556}") = "DotNetty.Codecs.ProtocolBuffers.Tests", "test\DotNetty.Codecs.ProtocolBuffers.Tests\DotNetty.Codecs.ProtocolBuffers.Tests.csproj", "{A7FC497E-790A-4980-B57C-32AF4AD4AB9D}"
EndProject
Project("{9A19103F-16F7-4668-BE54-9A1E7A4F7556}") = "DotNetty.Codecs.Redis.Tests", "test\DotNetty.Codecs.Redis.Tests\DotNetty.Codecs.Redis.Tests.csproj", "{08C19033-23B2-47D7-8332-86273AE287BC}"
EndProject
Project("{9A19103F-16F7-4668-BE54-9A1E7A4F7556}") = "DotNetty.Codecs.Tests", "test\DotNetty.Codecs.Tests\DotNetty.Codecs.Tests.csproj", "{CE97D2EC-3EA9-4FEC-B304-F57646DB54FD}"
EndProject
Project("{9A19103F-16F7-4668-BE54-9A1E7A4F7556}") = "DotNetty.Handlers.Tests", "test\DotNetty.Handlers.Tests\DotNetty.Handlers.Tests.csproj", "{D0DBB346-BDDA-4E28-A335-6D3E1F9902DF}"
EndProject
Project("{9A19103F-16F7-4668-BE54-9A1E7A4F7556}") = "DotNetty.Tests.End2End", "test\DotNetty.Tests.End2End\DotNetty.Tests.End2End.csproj", "{5D5A3137-F118-4F6C-ABE7-2523184A3A2D}"
EndProject
Project("{9A19103F-16F7-4668-BE54-9A1E7A4F7556}") = "DotNetty.Transport.Tests", "test\DotNetty.Transport.Tests\DotNetty.Transport.Tests.csproj", "{BDA099C5-E435-49DF-9922-58D63E11B764}"
EndProject
Project("{9A19103F-16F7-4668-BE54-9A1E7A4F7556}") = "DotNetty.Transport.Tests.Performance", "test\DotNetty.Transport.Tests.Performance\DotNetty.Transport.Tests.Performance.csproj", "{3DA49C12-3614-40F5-B5CE-8B95F872EFC1}"
EndProject
Project("{9A19103F-16F7-4668-BE54-9A1E7A4F7556}") = "Discard.Client", "examples\Discard.Client\Discard.Client.csproj", "{9AE188E0-F328-4A88-AF5F-CE0C1D4D0036}"
EndProject
Project("{9A19103F-16F7-4668-BE54-9A1E7A4F7556}") = "Examples.Common", "examples\Examples.Common\Examples.Common.csproj", "{66491D47-2BFB-45CF-A582-C11860219512}"
EndProject
Project("{9A19103F-16F7-4668-BE54-9A1E7A4F7556}") = "Discard.Server", "examples\Discard.Server\Discard.Server.csproj", "{664ECD06-26EB-4F8F-8D88-5444A5E766E0}"
EndProject
Project("{9A19103F-16F7-4668-BE54-9A1E7A4F7556}") = "Echo.Client", "examples\Echo.Client\Echo.Client.csproj", "{EAE5000B-9A97-4308-B791-0B71DE0A8219}"
EndProject
Project("{9A19103F-16F7-4668-BE54-9A1E7A4F7556}") = "Echo.Server", "examples\Echo.Server\Echo.Server.csproj", "{E854F61B-548A-4100-A766-35B972B9EE11}"
EndProject
Project("{9A19103F-16F7-4668-BE54-9A1E7A4F7556}") = "Factorial", "examples\Factorial\Factorial.csproj", "{22C53CFB-B54A-438E-820F-42C94D557345}"
EndProject
Project("{9A19103F-16F7-4668-BE54-9A1E7A4F7556}") = "Factorial.Client", "examples\Factorial.Client\Factorial.Client.csproj", "{A4E85E94-383F-40EA-9478-0545070E52F5}"
EndProject
Project("{9A19103F-16F7-4668-BE54-9A1E7A4F7556}") = "Factorial.Server", "examples\Factorial.Server\Factorial.Server.csproj", "{928090A9-AAC7-496C-A8E3-D242D2D8BC74}"
EndProject
Project("{9A19103F-16F7-4668-BE54-9A1E7A4F7556}") = "QuoteOfTheMoment.Client", "examples\QuoteOfTheMoment.Client\QuoteOfTheMoment.Client.csproj", "{D69B9924-5C2E-41BC-9354-A12DA7D03FDF}"
EndProject
Project("{9A19103F-16F7-4668-BE54-9A1E7A4F7556}") = "QuoteOfTheMoment.Server", "examples\QuoteOfTheMoment.Server\QuoteOfTheMoment.Server.csproj", "{ED307D87-E1BF-49B6-9591-5250D431C758}"
EndProject
Project("{9A19103F-16F7-4668-BE54-9A1E7A4F7556}") = "SecureChat.Client", "examples\SecureChat.Client\SecureChat.Client.csproj", "{0E4B622A-063B-4A39-87CF-F18AEACBDDC5}"
EndProject
Project("{9A19103F-16F7-4668-BE54-9A1E7A4F7556}") = "SecureChat.Server", "examples\SecureChat.Server\SecureChat.Server.csproj", "{E2BEAAAE-497B-49F4-AD27-03BE20924311}"
EndProject
Project("{9A19103F-16F7-4668-BE54-9A1E7A4F7556}") = "Telnet.Client", "examples\Telnet.Client\Telnet.Client.csproj", "{F2490822-51F7-4B65-8B21-EE0082B76745}"
EndProject
Project("{9A19103F-16F7-4668-BE54-9A1E7A4F7556}") = "Telnet.Server", "examples\Telnet.Server\Telnet.Server.csproj", "{07C97A77-61B6-4BB5-9436-3A7FC379B75E}"
EndProject
Project("{9A19103F-16F7-4668-BE54-9A1E7A4F7556}") = "DotNetty.Microbench", "test\DotNetty.Microbench\DotNetty.Microbench.csproj", "{7155D1E6-00CE-4081-B922-E6C5524EE600}"
EndProject
Project("{9A19103F-16F7-4668-BE54-9A1E7A4F7556}") = "DotNetty.Transport.Libuv", "src\DotNetty.Transport.Libuv\DotNetty.Transport.Libuv.csproj", "{9FE6A783-C20D-4097-9988-4178E2C4CE75}"
EndProject
Project("{FAE04EC0-301F-11D3-BF4B-00C04F79EFBC}") = "DotNetty.Transport.Libuv.Tests", "test\DotNetty.Transport.Libuv.Tests\DotNetty.Transport.Libuv.Tests.csproj", "{1012C962-7F6D-4EC5-A0EC-0741A95BAD6B}"
EndProject
Global
	GlobalSection(SolutionConfigurationPlatforms) = preSolution
		Debug|Any CPU = Debug|Any CPU
		Release|Any CPU = Release|Any CPU
	EndGlobalSection
	GlobalSection(ProjectConfigurationPlatforms) = postSolution
		{DF4FF0D0-A5CE-471F-B946-538C28C21CBB}.Debug|Any CPU.ActiveCfg = Debug|Any CPU
		{DF4FF0D0-A5CE-471F-B946-538C28C21CBB}.Debug|Any CPU.Build.0 = Debug|Any CPU
		{DF4FF0D0-A5CE-471F-B946-538C28C21CBB}.Release|Any CPU.ActiveCfg = Release|Any CPU
		{DF4FF0D0-A5CE-471F-B946-538C28C21CBB}.Release|Any CPU.Build.0 = Release|Any CPU
		{64508DA2-40F1-4CC3-93E8-EA3B18A64E7E}.Debug|Any CPU.ActiveCfg = Debug|Any CPU
		{64508DA2-40F1-4CC3-93E8-EA3B18A64E7E}.Debug|Any CPU.Build.0 = Debug|Any CPU
		{64508DA2-40F1-4CC3-93E8-EA3B18A64E7E}.Release|Any CPU.ActiveCfg = Release|Any CPU
		{64508DA2-40F1-4CC3-93E8-EA3B18A64E7E}.Release|Any CPU.Build.0 = Release|Any CPU
		{82796E9E-1331-4858-90C3-8E74BA4CC383}.Debug|Any CPU.ActiveCfg = Debug|Any CPU
		{82796E9E-1331-4858-90C3-8E74BA4CC383}.Debug|Any CPU.Build.0 = Debug|Any CPU
		{82796E9E-1331-4858-90C3-8E74BA4CC383}.Release|Any CPU.ActiveCfg = Release|Any CPU
		{82796E9E-1331-4858-90C3-8E74BA4CC383}.Release|Any CPU.Build.0 = Release|Any CPU
		{25F7AD69-7836-46E8-9B29-0FBB3C128FFB}.Debug|Any CPU.ActiveCfg = Debug|Any CPU
		{25F7AD69-7836-46E8-9B29-0FBB3C128FFB}.Debug|Any CPU.Build.0 = Debug|Any CPU
		{25F7AD69-7836-46E8-9B29-0FBB3C128FFB}.Release|Any CPU.ActiveCfg = Release|Any CPU
		{25F7AD69-7836-46E8-9B29-0FBB3C128FFB}.Release|Any CPU.Build.0 = Release|Any CPU
		{12DCCEFD-623B-46CC-979C-407FA265E239}.Debug|Any CPU.ActiveCfg = Debug|Any CPU
		{12DCCEFD-623B-46CC-979C-407FA265E239}.Debug|Any CPU.Build.0 = Debug|Any CPU
		{12DCCEFD-623B-46CC-979C-407FA265E239}.Release|Any CPU.ActiveCfg = Release|Any CPU
		{12DCCEFD-623B-46CC-979C-407FA265E239}.Release|Any CPU.Build.0 = Release|Any CPU
		{5ADB0FF5-8EFC-475A-BF08-6B35EF728329}.Debug|Any CPU.ActiveCfg = Debug|Any CPU
		{5ADB0FF5-8EFC-475A-BF08-6B35EF728329}.Debug|Any CPU.Build.0 = Debug|Any CPU
		{5ADB0FF5-8EFC-475A-BF08-6B35EF728329}.Release|Any CPU.ActiveCfg = Release|Any CPU
		{5ADB0FF5-8EFC-475A-BF08-6B35EF728329}.Release|Any CPU.Build.0 = Release|Any CPU
		{D284C2BF-E06E-481B-B301-503A9D477B0E}.Debug|Any CPU.ActiveCfg = Debug|Any CPU
		{D284C2BF-E06E-481B-B301-503A9D477B0E}.Debug|Any CPU.Build.0 = Debug|Any CPU
		{D284C2BF-E06E-481B-B301-503A9D477B0E}.Release|Any CPU.ActiveCfg = Release|Any CPU
		{D284C2BF-E06E-481B-B301-503A9D477B0E}.Release|Any CPU.Build.0 = Release|Any CPU
		{75A1BCC1-A7F3-4893-99C5-3235F87DB00E}.Debug|Any CPU.ActiveCfg = Debug|Any CPU
		{75A1BCC1-A7F3-4893-99C5-3235F87DB00E}.Debug|Any CPU.Build.0 = Debug|Any CPU
		{75A1BCC1-A7F3-4893-99C5-3235F87DB00E}.Release|Any CPU.ActiveCfg = Release|Any CPU
		{75A1BCC1-A7F3-4893-99C5-3235F87DB00E}.Release|Any CPU.Build.0 = Release|Any CPU
		{1F442118-A665-4891-B056-FE9E54C5B049}.Debug|Any CPU.ActiveCfg = Debug|Any CPU
		{1F442118-A665-4891-B056-FE9E54C5B049}.Debug|Any CPU.Build.0 = Debug|Any CPU
		{1F442118-A665-4891-B056-FE9E54C5B049}.Release|Any CPU.ActiveCfg = Release|Any CPU
		{1F442118-A665-4891-B056-FE9E54C5B049}.Release|Any CPU.Build.0 = Release|Any CPU
		{572E1914-489F-402D-944F-71EE0632E5D8}.Debug|Any CPU.ActiveCfg = Debug|Any CPU
		{572E1914-489F-402D-944F-71EE0632E5D8}.Debug|Any CPU.Build.0 = Debug|Any CPU
		{572E1914-489F-402D-944F-71EE0632E5D8}.Release|Any CPU.ActiveCfg = Release|Any CPU
		{572E1914-489F-402D-944F-71EE0632E5D8}.Release|Any CPU.Build.0 = Release|Any CPU
		{DA54DBAF-CCDA-4AD1-9FF9-EB6F890D1091}.Debug|Any CPU.ActiveCfg = Debug|Any CPU
		{DA54DBAF-CCDA-4AD1-9FF9-EB6F890D1091}.Debug|Any CPU.Build.0 = Debug|Any CPU
		{DA54DBAF-CCDA-4AD1-9FF9-EB6F890D1091}.Release|Any CPU.ActiveCfg = Release|Any CPU
		{DA54DBAF-CCDA-4AD1-9FF9-EB6F890D1091}.Release|Any CPU.Build.0 = Release|Any CPU
		{72C92F76-F804-4300-BFF1-459420D9EF0B}.Debug|Any CPU.ActiveCfg = Debug|Any CPU
		{72C92F76-F804-4300-BFF1-459420D9EF0B}.Debug|Any CPU.Build.0 = Debug|Any CPU
		{72C92F76-F804-4300-BFF1-459420D9EF0B}.Release|Any CPU.ActiveCfg = Release|Any CPU
		{72C92F76-F804-4300-BFF1-459420D9EF0B}.Release|Any CPU.Build.0 = Release|Any CPU
		{E31A5D46-71B7-4B7E-A9F8-3F011822F28A}.Debug|Any CPU.ActiveCfg = Debug|Any CPU
		{E31A5D46-71B7-4B7E-A9F8-3F011822F28A}.Debug|Any CPU.Build.0 = Debug|Any CPU
		{E31A5D46-71B7-4B7E-A9F8-3F011822F28A}.Release|Any CPU.ActiveCfg = Release|Any CPU
		{E31A5D46-71B7-4B7E-A9F8-3F011822F28A}.Release|Any CPU.Build.0 = Release|Any CPU
		{3AF8A62F-F5CE-4C2D-B356-8B9FDFA51668}.Debug|Any CPU.ActiveCfg = Debug|Any CPU
		{3AF8A62F-F5CE-4C2D-B356-8B9FDFA51668}.Debug|Any CPU.Build.0 = Debug|Any CPU
		{3AF8A62F-F5CE-4C2D-B356-8B9FDFA51668}.Release|Any CPU.ActiveCfg = Release|Any CPU
		{3AF8A62F-F5CE-4C2D-B356-8B9FDFA51668}.Release|Any CPU.Build.0 = Release|Any CPU
		{A7FC497E-790A-4980-B57C-32AF4AD4AB9D}.Debug|Any CPU.ActiveCfg = Debug|Any CPU
		{A7FC497E-790A-4980-B57C-32AF4AD4AB9D}.Debug|Any CPU.Build.0 = Debug|Any CPU
		{A7FC497E-790A-4980-B57C-32AF4AD4AB9D}.Release|Any CPU.ActiveCfg = Release|Any CPU
		{A7FC497E-790A-4980-B57C-32AF4AD4AB9D}.Release|Any CPU.Build.0 = Release|Any CPU
		{08C19033-23B2-47D7-8332-86273AE287BC}.Debug|Any CPU.ActiveCfg = Debug|Any CPU
		{08C19033-23B2-47D7-8332-86273AE287BC}.Debug|Any CPU.Build.0 = Debug|Any CPU
		{08C19033-23B2-47D7-8332-86273AE287BC}.Release|Any CPU.ActiveCfg = Release|Any CPU
		{08C19033-23B2-47D7-8332-86273AE287BC}.Release|Any CPU.Build.0 = Release|Any CPU
		{CE97D2EC-3EA9-4FEC-B304-F57646DB54FD}.Debug|Any CPU.ActiveCfg = Debug|Any CPU
		{CE97D2EC-3EA9-4FEC-B304-F57646DB54FD}.Debug|Any CPU.Build.0 = Debug|Any CPU
		{CE97D2EC-3EA9-4FEC-B304-F57646DB54FD}.Release|Any CPU.ActiveCfg = Release|Any CPU
		{CE97D2EC-3EA9-4FEC-B304-F57646DB54FD}.Release|Any CPU.Build.0 = Release|Any CPU
		{D0DBB346-BDDA-4E28-A335-6D3E1F9902DF}.Debug|Any CPU.ActiveCfg = Debug|Any CPU
		{D0DBB346-BDDA-4E28-A335-6D3E1F9902DF}.Debug|Any CPU.Build.0 = Debug|Any CPU
		{D0DBB346-BDDA-4E28-A335-6D3E1F9902DF}.Release|Any CPU.ActiveCfg = Release|Any CPU
		{D0DBB346-BDDA-4E28-A335-6D3E1F9902DF}.Release|Any CPU.Build.0 = Release|Any CPU
		{5D5A3137-F118-4F6C-ABE7-2523184A3A2D}.Debug|Any CPU.ActiveCfg = Debug|Any CPU
		{5D5A3137-F118-4F6C-ABE7-2523184A3A2D}.Debug|Any CPU.Build.0 = Debug|Any CPU
		{5D5A3137-F118-4F6C-ABE7-2523184A3A2D}.Release|Any CPU.ActiveCfg = Release|Any CPU
		{5D5A3137-F118-4F6C-ABE7-2523184A3A2D}.Release|Any CPU.Build.0 = Release|Any CPU
		{BDA099C5-E435-49DF-9922-58D63E11B764}.Debug|Any CPU.ActiveCfg = Debug|Any CPU
		{BDA099C5-E435-49DF-9922-58D63E11B764}.Debug|Any CPU.Build.0 = Debug|Any CPU
		{BDA099C5-E435-49DF-9922-58D63E11B764}.Release|Any CPU.ActiveCfg = Release|Any CPU
		{BDA099C5-E435-49DF-9922-58D63E11B764}.Release|Any CPU.Build.0 = Release|Any CPU
		{3DA49C12-3614-40F5-B5CE-8B95F872EFC1}.Debug|Any CPU.ActiveCfg = Debug|Any CPU
		{3DA49C12-3614-40F5-B5CE-8B95F872EFC1}.Debug|Any CPU.Build.0 = Debug|Any CPU
		{3DA49C12-3614-40F5-B5CE-8B95F872EFC1}.Release|Any CPU.ActiveCfg = Release|Any CPU
		{3DA49C12-3614-40F5-B5CE-8B95F872EFC1}.Release|Any CPU.Build.0 = Release|Any CPU
		{9AE188E0-F328-4A88-AF5F-CE0C1D4D0036}.Debug|Any CPU.ActiveCfg = Debug|Any CPU
		{9AE188E0-F328-4A88-AF5F-CE0C1D4D0036}.Debug|Any CPU.Build.0 = Debug|Any CPU
		{9AE188E0-F328-4A88-AF5F-CE0C1D4D0036}.Release|Any CPU.ActiveCfg = Release|Any CPU
		{9AE188E0-F328-4A88-AF5F-CE0C1D4D0036}.Release|Any CPU.Build.0 = Release|Any CPU
		{66491D47-2BFB-45CF-A582-C11860219512}.Debug|Any CPU.ActiveCfg = Debug|Any CPU
		{66491D47-2BFB-45CF-A582-C11860219512}.Debug|Any CPU.Build.0 = Debug|Any CPU
		{66491D47-2BFB-45CF-A582-C11860219512}.Release|Any CPU.ActiveCfg = Release|Any CPU
		{66491D47-2BFB-45CF-A582-C11860219512}.Release|Any CPU.Build.0 = Release|Any CPU
		{664ECD06-26EB-4F8F-8D88-5444A5E766E0}.Debug|Any CPU.ActiveCfg = Debug|Any CPU
		{664ECD06-26EB-4F8F-8D88-5444A5E766E0}.Debug|Any CPU.Build.0 = Debug|Any CPU
		{664ECD06-26EB-4F8F-8D88-5444A5E766E0}.Release|Any CPU.ActiveCfg = Release|Any CPU
		{664ECD06-26EB-4F8F-8D88-5444A5E766E0}.Release|Any CPU.Build.0 = Release|Any CPU
		{EAE5000B-9A97-4308-B791-0B71DE0A8219}.Debug|Any CPU.ActiveCfg = Debug|Any CPU
		{EAE5000B-9A97-4308-B791-0B71DE0A8219}.Debug|Any CPU.Build.0 = Debug|Any CPU
		{EAE5000B-9A97-4308-B791-0B71DE0A8219}.Release|Any CPU.ActiveCfg = Release|Any CPU
		{EAE5000B-9A97-4308-B791-0B71DE0A8219}.Release|Any CPU.Build.0 = Release|Any CPU
		{E854F61B-548A-4100-A766-35B972B9EE11}.Debug|Any CPU.ActiveCfg = Debug|Any CPU
		{E854F61B-548A-4100-A766-35B972B9EE11}.Debug|Any CPU.Build.0 = Debug|Any CPU
		{E854F61B-548A-4100-A766-35B972B9EE11}.Release|Any CPU.ActiveCfg = Release|Any CPU
		{E854F61B-548A-4100-A766-35B972B9EE11}.Release|Any CPU.Build.0 = Release|Any CPU
		{22C53CFB-B54A-438E-820F-42C94D557345}.Debug|Any CPU.ActiveCfg = Debug|Any CPU
		{22C53CFB-B54A-438E-820F-42C94D557345}.Debug|Any CPU.Build.0 = Debug|Any CPU
		{22C53CFB-B54A-438E-820F-42C94D557345}.Release|Any CPU.ActiveCfg = Release|Any CPU
		{22C53CFB-B54A-438E-820F-42C94D557345}.Release|Any CPU.Build.0 = Release|Any CPU
		{A4E85E94-383F-40EA-9478-0545070E52F5}.Debug|Any CPU.ActiveCfg = Debug|Any CPU
		{A4E85E94-383F-40EA-9478-0545070E52F5}.Debug|Any CPU.Build.0 = Debug|Any CPU
		{A4E85E94-383F-40EA-9478-0545070E52F5}.Release|Any CPU.ActiveCfg = Release|Any CPU
		{A4E85E94-383F-40EA-9478-0545070E52F5}.Release|Any CPU.Build.0 = Release|Any CPU
		{928090A9-AAC7-496C-A8E3-D242D2D8BC74}.Debug|Any CPU.ActiveCfg = Debug|Any CPU
		{928090A9-AAC7-496C-A8E3-D242D2D8BC74}.Debug|Any CPU.Build.0 = Debug|Any CPU
		{928090A9-AAC7-496C-A8E3-D242D2D8BC74}.Release|Any CPU.ActiveCfg = Release|Any CPU
		{928090A9-AAC7-496C-A8E3-D242D2D8BC74}.Release|Any CPU.Build.0 = Release|Any CPU
		{D69B9924-5C2E-41BC-9354-A12DA7D03FDF}.Debug|Any CPU.ActiveCfg = Debug|Any CPU
		{D69B9924-5C2E-41BC-9354-A12DA7D03FDF}.Debug|Any CPU.Build.0 = Debug|Any CPU
		{D69B9924-5C2E-41BC-9354-A12DA7D03FDF}.Release|Any CPU.ActiveCfg = Release|Any CPU
		{D69B9924-5C2E-41BC-9354-A12DA7D03FDF}.Release|Any CPU.Build.0 = Release|Any CPU
		{ED307D87-E1BF-49B6-9591-5250D431C758}.Debug|Any CPU.ActiveCfg = Debug|Any CPU
		{ED307D87-E1BF-49B6-9591-5250D431C758}.Debug|Any CPU.Build.0 = Debug|Any CPU
		{ED307D87-E1BF-49B6-9591-5250D431C758}.Release|Any CPU.ActiveCfg = Release|Any CPU
		{ED307D87-E1BF-49B6-9591-5250D431C758}.Release|Any CPU.Build.0 = Release|Any CPU
		{0E4B622A-063B-4A39-87CF-F18AEACBDDC5}.Debug|Any CPU.ActiveCfg = Debug|Any CPU
		{0E4B622A-063B-4A39-87CF-F18AEACBDDC5}.Debug|Any CPU.Build.0 = Debug|Any CPU
		{0E4B622A-063B-4A39-87CF-F18AEACBDDC5}.Release|Any CPU.ActiveCfg = Release|Any CPU
		{0E4B622A-063B-4A39-87CF-F18AEACBDDC5}.Release|Any CPU.Build.0 = Release|Any CPU
		{E2BEAAAE-497B-49F4-AD27-03BE20924311}.Debug|Any CPU.ActiveCfg = Debug|Any CPU
		{E2BEAAAE-497B-49F4-AD27-03BE20924311}.Debug|Any CPU.Build.0 = Debug|Any CPU
		{E2BEAAAE-497B-49F4-AD27-03BE20924311}.Release|Any CPU.ActiveCfg = Release|Any CPU
		{E2BEAAAE-497B-49F4-AD27-03BE20924311}.Release|Any CPU.Build.0 = Release|Any CPU
		{F2490822-51F7-4B65-8B21-EE0082B76745}.Debug|Any CPU.ActiveCfg = Debug|Any CPU
		{F2490822-51F7-4B65-8B21-EE0082B76745}.Debug|Any CPU.Build.0 = Debug|Any CPU
		{F2490822-51F7-4B65-8B21-EE0082B76745}.Release|Any CPU.ActiveCfg = Release|Any CPU
		{F2490822-51F7-4B65-8B21-EE0082B76745}.Release|Any CPU.Build.0 = Release|Any CPU
		{07C97A77-61B6-4BB5-9436-3A7FC379B75E}.Debug|Any CPU.ActiveCfg = Debug|Any CPU
		{07C97A77-61B6-4BB5-9436-3A7FC379B75E}.Debug|Any CPU.Build.0 = Debug|Any CPU
		{07C97A77-61B6-4BB5-9436-3A7FC379B75E}.Release|Any CPU.ActiveCfg = Release|Any CPU
		{07C97A77-61B6-4BB5-9436-3A7FC379B75E}.Release|Any CPU.Build.0 = Release|Any CPU
		{7155D1E6-00CE-4081-B922-E6C5524EE600}.Debug|Any CPU.ActiveCfg = Debug|Any CPU
		{7155D1E6-00CE-4081-B922-E6C5524EE600}.Debug|Any CPU.Build.0 = Debug|Any CPU
		{7155D1E6-00CE-4081-B922-E6C5524EE600}.Release|Any CPU.ActiveCfg = Release|Any CPU
		{7155D1E6-00CE-4081-B922-E6C5524EE600}.Release|Any CPU.Build.0 = Release|Any CPU
		{9FE6A783-C20D-4097-9988-4178E2C4CE75}.Debug|Any CPU.ActiveCfg = Debug|Any CPU
		{9FE6A783-C20D-4097-9988-4178E2C4CE75}.Debug|Any CPU.Build.0 = Debug|Any CPU
		{9FE6A783-C20D-4097-9988-4178E2C4CE75}.Release|Any CPU.ActiveCfg = Release|Any CPU
		{9FE6A783-C20D-4097-9988-4178E2C4CE75}.Release|Any CPU.Build.0 = Release|Any CPU
		{1012C962-7F6D-4EC5-A0EC-0741A95BAD6B}.Debug|Any CPU.ActiveCfg = Debug|Any CPU
		{1012C962-7F6D-4EC5-A0EC-0741A95BAD6B}.Debug|Any CPU.Build.0 = Debug|Any CPU
		{1012C962-7F6D-4EC5-A0EC-0741A95BAD6B}.Release|Any CPU.ActiveCfg = Release|Any CPU
		{1012C962-7F6D-4EC5-A0EC-0741A95BAD6B}.Release|Any CPU.Build.0 = Release|Any CPU
	EndGlobalSection
	GlobalSection(SolutionProperties) = preSolution
		HideSolutionNode = FALSE
	EndGlobalSection
	GlobalSection(NestedProjects) = preSolution
		{DF4FF0D0-A5CE-471F-B946-538C28C21CBB} = {126EA539-4B28-4B07-8B5D-D1D7F794D189}
		{64508DA2-40F1-4CC3-93E8-EA3B18A64E7E} = {126EA539-4B28-4B07-8B5D-D1D7F794D189}
		{82796E9E-1331-4858-90C3-8E74BA4CC383} = {126EA539-4B28-4B07-8B5D-D1D7F794D189}
		{25F7AD69-7836-46E8-9B29-0FBB3C128FFB} = {126EA539-4B28-4B07-8B5D-D1D7F794D189}
		{12DCCEFD-623B-46CC-979C-407FA265E239} = {126EA539-4B28-4B07-8B5D-D1D7F794D189}
		{5ADB0FF5-8EFC-475A-BF08-6B35EF728329} = {126EA539-4B28-4B07-8B5D-D1D7F794D189}
		{D284C2BF-E06E-481B-B301-503A9D477B0E} = {126EA539-4B28-4B07-8B5D-D1D7F794D189}
		{75A1BCC1-A7F3-4893-99C5-3235F87DB00E} = {126EA539-4B28-4B07-8B5D-D1D7F794D189}
		{1F442118-A665-4891-B056-FE9E54C5B049} = {126EA539-4B28-4B07-8B5D-D1D7F794D189}
		{572E1914-489F-402D-944F-71EE0632E5D8} = {541093F6-616E-43D9-B671-FCD1F9C0A181}
		{DA54DBAF-CCDA-4AD1-9FF9-EB6F890D1091} = {541093F6-616E-43D9-B671-FCD1F9C0A181}
		{72C92F76-F804-4300-BFF1-459420D9EF0B} = {541093F6-616E-43D9-B671-FCD1F9C0A181}
		{E31A5D46-71B7-4B7E-A9F8-3F011822F28A} = {541093F6-616E-43D9-B671-FCD1F9C0A181}
		{3AF8A62F-F5CE-4C2D-B356-8B9FDFA51668} = {541093F6-616E-43D9-B671-FCD1F9C0A181}
		{A7FC497E-790A-4980-B57C-32AF4AD4AB9D} = {541093F6-616E-43D9-B671-FCD1F9C0A181}
		{08C19033-23B2-47D7-8332-86273AE287BC} = {541093F6-616E-43D9-B671-FCD1F9C0A181}
		{CE97D2EC-3EA9-4FEC-B304-F57646DB54FD} = {541093F6-616E-43D9-B671-FCD1F9C0A181}
		{D0DBB346-BDDA-4E28-A335-6D3E1F9902DF} = {541093F6-616E-43D9-B671-FCD1F9C0A181}
		{5D5A3137-F118-4F6C-ABE7-2523184A3A2D} = {541093F6-616E-43D9-B671-FCD1F9C0A181}
		{BDA099C5-E435-49DF-9922-58D63E11B764} = {541093F6-616E-43D9-B671-FCD1F9C0A181}
		{3DA49C12-3614-40F5-B5CE-8B95F872EFC1} = {541093F6-616E-43D9-B671-FCD1F9C0A181}
		{9AE188E0-F328-4A88-AF5F-CE0C1D4D0036} = {F716F1EF-81EF-4020-914A-5422A13A9E13}
		{66491D47-2BFB-45CF-A582-C11860219512} = {F716F1EF-81EF-4020-914A-5422A13A9E13}
		{664ECD06-26EB-4F8F-8D88-5444A5E766E0} = {F716F1EF-81EF-4020-914A-5422A13A9E13}
		{EAE5000B-9A97-4308-B791-0B71DE0A8219} = {F716F1EF-81EF-4020-914A-5422A13A9E13}
		{E854F61B-548A-4100-A766-35B972B9EE11} = {F716F1EF-81EF-4020-914A-5422A13A9E13}
		{22C53CFB-B54A-438E-820F-42C94D557345} = {F716F1EF-81EF-4020-914A-5422A13A9E13}
		{A4E85E94-383F-40EA-9478-0545070E52F5} = {F716F1EF-81EF-4020-914A-5422A13A9E13}
		{928090A9-AAC7-496C-A8E3-D242D2D8BC74} = {F716F1EF-81EF-4020-914A-5422A13A9E13}
		{D69B9924-5C2E-41BC-9354-A12DA7D03FDF} = {F716F1EF-81EF-4020-914A-5422A13A9E13}
		{ED307D87-E1BF-49B6-9591-5250D431C758} = {F716F1EF-81EF-4020-914A-5422A13A9E13}
		{0E4B622A-063B-4A39-87CF-F18AEACBDDC5} = {F716F1EF-81EF-4020-914A-5422A13A9E13}
		{E2BEAAAE-497B-49F4-AD27-03BE20924311} = {F716F1EF-81EF-4020-914A-5422A13A9E13}
		{F2490822-51F7-4B65-8B21-EE0082B76745} = {F716F1EF-81EF-4020-914A-5422A13A9E13}
		{07C97A77-61B6-4BB5-9436-3A7FC379B75E} = {F716F1EF-81EF-4020-914A-5422A13A9E13}
		{7155D1E6-00CE-4081-B922-E6C5524EE600} = {541093F6-616E-43D9-B671-FCD1F9C0A181}
		{9FE6A783-C20D-4097-9988-4178E2C4CE75} = {126EA539-4B28-4B07-8B5D-D1D7F794D189}
		{1012C962-7F6D-4EC5-A0EC-0741A95BAD6B} = {541093F6-616E-43D9-B671-FCD1F9C0A181}
	EndGlobalSection
	GlobalSection(ExtensibilityGlobals) = postSolution
		SolutionGuid = {1FBD8DF1-D90A-4F21-8EB6-DA17B9431FE3}
		{9FE6A783-C20D-4097-9988-4178E2C4CE75} = {126EA539-4B28-4B07-8B5D-D1D7F794D189}
	EndGlobalSection
EndGlobal
