
Microsoft Visual Studio Solution File, Format Version 12.00
# Visual Studio 14
VisualStudioVersion = 14.0.25420.1
MinimumVisualStudioVersion = 10.0.40219.1
Project("{FAE04EC0-301F-11D3-BF4B-00C04F79EFBC}") = "DotNetty.Common", "src\DotNetty.Common\DotNetty.Common.csproj", "{DE58FE41-5E99-44E5-86BC-FC9ED8761DAF}"
EndProject
Project("{2150E333-8FDC-42A3-9474-1A3956D46DE8}") = "src", "src", "{F02D7F30-ABA7-4438-8D28-10898E731906}"
EndProject
Project("{FAE04EC0-301F-11D3-BF4B-00C04F79EFBC}") = "DotNetty.Buffers", "src\DotNetty.Buffers\DotNetty.Buffers.csproj", "{5DE3C557-48BF-4CDB-9F47-474D343DD841}"
EndProject
Project("{FAE04EC0-301F-11D3-BF4B-00C04F79EFBC}") = "DotNetty.Transport", "src\DotNetty.Transport\DotNetty.Transport.csproj", "{8218C9EE-0A4A-432F-A12A-B54202F97B05}"
EndProject
Project("{FAE04EC0-301F-11D3-BF4B-00C04F79EFBC}") = "DotNetty.Codecs", "src\DotNetty.Codecs\DotNetty.Codecs.csproj", "{2ABD244E-EF8F-460D-9C30-39116499E6E4}"
EndProject
Project("{FAE04EC0-301F-11D3-BF4B-00C04F79EFBC}") = "DotNetty.Codecs.Mqtt", "src\DotNetty.Codecs.Mqtt\DotNetty.Codecs.Mqtt.csproj", "{58FFEA83-C956-49F9-9435-18332AD0E0D1}"
EndProject
Project("{2150E333-8FDC-42A3-9474-1A3956D46DE8}") = "test", "test", "{6A0821D4-8A5D-42AD-8E3F-F519100F4AD8}"
EndProject
Project("{FAE04EC0-301F-11D3-BF4B-00C04F79EFBC}") = "DotNetty.Common.Tests", "test\DotNetty.Common.Tests\DotNetty.Common.Tests.csproj", "{B509D8B8-BD4A-46B1-916B-685DE387D01B}"
EndProject
Project("{FAE04EC0-301F-11D3-BF4B-00C04F79EFBC}") = "DotNetty.Handlers", "src\DotNetty.Handlers\DotNetty.Handlers.csproj", "{09628314-F44E-445E-9F0D-CBE33B736AC3}"
EndProject
Project("{FAE04EC0-301F-11D3-BF4B-00C04F79EFBC}") = "DotNetty.Tests.End2End", "test\DotNetty.Tests.End2End\DotNetty.Tests.End2End.csproj", "{6E76FCAF-C7C8-4F45-8C95-0FD42F2AC83B}"
EndProject
Project("{2150E333-8FDC-42A3-9474-1A3956D46DE8}") = "shared", "shared", "{D7797B37-D5F1-42BD-B59B-61D6A9E5BB33}"
	ProjectSection(SolutionItems) = preProject
		shared\dotnetty.com.pfx = shared\dotnetty.com.pfx
	EndProjectSection
EndProject
Project("{FAE04EC0-301F-11D3-BF4B-00C04F79EFBC}") = "DotNetty.Buffers.Tests", "test\DotNetty.Buffers.Tests\DotNetty.Buffers.Tests.csproj", "{94E10283-E26E-441A-A2A7-D9671A6E9818}"
EndProject
Project("{FAE04EC0-301F-11D3-BF4B-00C04F79EFBC}") = "DotNetty.Codecs.Tests", "test\DotNetty.Codecs.Tests\DotNetty.Codecs.Tests.csproj", "{F9566A9E-FABB-4A57-BF20-C1842AB87012}"
EndProject
Project("{FAE04EC0-301F-11D3-BF4B-00C04F79EFBC}") = "DotNetty.Codecs.Mqtt.Tests", "test\DotNetty.Codecs.Mqtt.Tests\DotNetty.Codecs.Mqtt.Tests.csproj", "{F6019665-4C5E-4769-911A-FA1E83549BF5}"
EndProject
Project("{2150E333-8FDC-42A3-9474-1A3956D46DE8}") = "build", "build", "{3263F4AA-4422-4C41-89FC-1A07976FCF94}"
	ProjectSection(SolutionItems) = preProject
		build.cmd = build.cmd
		build.fsx = build.fsx
		build.sh = build.sh
	EndProjectSection
EndProject
Project("{2150E333-8FDC-42A3-9474-1A3956D46DE8}") = "examples", "examples", "{2B766264-D269-415C-8F2A-5AFC44409C01}"
EndProject
Project("{FAE04EC0-301F-11D3-BF4B-00C04F79EFBC}") = "DotNetty.Transport.Tests", "test\DotNetty.Transport.Tests\DotNetty.Transport.Tests.csproj", "{1BC30CEA-312E-41ED-A338-75FBC01C8C91}"
EndProject
Project("{2150E333-8FDC-42A3-9474-1A3956D46DE8}") = "Echo", "Echo", "{2F51997C-2026-47CC-A4F8-7560BEC4D918}"
EndProject
Project("{FAE04EC0-301F-11D3-BF4B-00C04F79EFBC}") = "Echo.Client", "examples\Echo.Client\Echo.Client.csproj", "{C24AB93F-41E9-4291-BA8F-E9D3CF6C2EBC}"
EndProject
Project("{FAE04EC0-301F-11D3-BF4B-00C04F79EFBC}") = "Echo.Server", "examples\Echo.Server\Echo.Server.csproj", "{BA163586-F875-4488-9188-53A4A14DFD34}"
EndProject
Project("{FAE04EC0-301F-11D3-BF4B-00C04F79EFBC}") = "DotNetty.Microbench", "test\DotNetty.Microbench\DotNetty.Microbench.csproj", "{D0D45DCD-EF82-43FA-8B95-D85D50378806}"
EndProject
Project("{FAE04EC0-301F-11D3-BF4B-00C04F79EFBC}") = "DotNetty.Tests.Common", "test\DotNetty.Tests.Common\DotNetty.Tests.Common.csproj", "{EDF30087-8B53-4432-84B8-D21BD9F49E95}"
EndProject
Project("{FAE04EC0-301F-11D3-BF4B-00C04F79EFBC}") = "DotNetty.Transport.Tests.Performance", "test\DotNetty.Transport.Tests.Performance\DotNetty.Transport.Tests.Performance.csproj", "{F2C39894-476D-441D-878F-23A03B848E06}"
EndProject
Project("{FAE04EC0-301F-11D3-BF4B-00C04F79EFBC}") = "DotNetty.Handlers.Tests", "test\DotNetty.Handlers.Tests\DotNetty.Handlers.Tests.csproj", "{0F5AC479-520B-476F-8E2B-1849F5B63A91}"
EndProject
Project("{2150E333-8FDC-42A3-9474-1A3956D46DE8}") = "Factorial", "Factorial", "{AD047ADA-2282-4626-BE51-5B978BC00B03}"
EndProject
Project("{2150E333-8FDC-42A3-9474-1A3956D46DE8}") = "Discard", "Discard", "{9C0335DC-7DD0-4D0B-AB26-91F9D1EF9BB4}"
EndProject
Project("{FAE04EC0-301F-11D3-BF4B-00C04F79EFBC}") = "Factorial", "examples\Factorial\Factorial.csproj", "{C7559BFC-023F-445E-BAB8-E2B5E199B774}"
EndProject
Project("{FAE04EC0-301F-11D3-BF4B-00C04F79EFBC}") = "Discard.Client", "examples\Discard.Client\Discard.Client.csproj", "{124620F1-A3B6-4B8D-9954-61BF2021DF39}"
EndProject
Project("{FAE04EC0-301F-11D3-BF4B-00C04F79EFBC}") = "Discard.Server", "examples\Discard.Server\Discard.Server.csproj", "{821D5A3F-F4CD-4579-A0A0-95F6770F1DC4}"
EndProject
Project("{FAE04EC0-301F-11D3-BF4B-00C04F79EFBC}") = "Factorial.Server", "examples\Factorial.Server\Factorial.Server.csproj", "{CAA57BA8-D7F2-467E-8F6F-5BA5B55A2F0B}"
EndProject
Project("{FAE04EC0-301F-11D3-BF4B-00C04F79EFBC}") = "Factorial.Client", "examples\Factorial.Client\Factorial.Client.csproj", "{E7B7F314-6E72-4CE1-B69C-F5732DCF07F2}"
EndProject
Project("{2150E333-8FDC-42A3-9474-1A3956D46DE8}") = "Telnet", "Telnet", "{74506CCF-00FF-40CD-B892-2A6A3FF5CEA6}"
EndProject
Project("{FAE04EC0-301F-11D3-BF4B-00C04F79EFBC}") = "Telnet.Client", "examples\Telnet.Client\Telnet.Client.csproj", "{ABABFE48-551E-4C4B-8640-B334329D5C5D}"
EndProject
Project("{FAE04EC0-301F-11D3-BF4B-00C04F79EFBC}") = "Telnet.Server", "examples\Telnet.Server\Telnet.Server.csproj", "{5543847A-8509-4646-8472-1E4450025FDF}"
EndProject
Project("{2150E333-8FDC-42A3-9474-1A3956D46DE8}") = "SecureChat", "SecureChat", "{C98D8C38-759D-492E-B5E5-B4BBA65A6AC5}"
EndProject
Project("{FAE04EC0-301F-11D3-BF4B-00C04F79EFBC}") = "SecureChat.Client", "examples\SecureChat.Client\SecureChat.Client.csproj", "{B6C42665-2A5B-4BFD-B5B9-965C31A383D3}"
EndProject
Project("{FAE04EC0-301F-11D3-BF4B-00C04F79EFBC}") = "SecureChat.Server", "examples\SecureChat.Server\SecureChat.Server.csproj", "{DDA47BCE-752F-4DEE-BB75-28E7D6921E79}"
EndProject
Project("{FAE04EC0-301F-11D3-BF4B-00C04F79EFBC}") = "DotNetty.Codecs.Redis", "src\DotNetty.Codecs.Redis\DotNetty.Codecs.Redis.csproj", "{6AE7CF76-971C-428B-853A-DBE73A861E60}"
EndProject
Project("{FAE04EC0-301F-11D3-BF4B-00C04F79EFBC}") = "DotNetty.Codecs.Redis.Tests", "test\DotNetty.Codecs.Redis.Tests\DotNetty.Codecs.Redis.Tests.csproj", "{258ABFFC-4AF5-4CCA-9145-929AC854D139}"
EndProject
Global
	GlobalSection(SolutionConfigurationPlatforms) = preSolution
		Debug|Any CPU = Debug|Any CPU
		Release|Any CPU = Release|Any CPU
		Signed|Any CPU = Signed|Any CPU
	EndGlobalSection
	GlobalSection(ProjectConfigurationPlatforms) = postSolution
		{DE58FE41-5E99-44E5-86BC-FC9ED8761DAF}.Debug|Any CPU.ActiveCfg = Debug|Any CPU
		{DE58FE41-5E99-44E5-86BC-FC9ED8761DAF}.Debug|Any CPU.Build.0 = Debug|Any CPU
		{DE58FE41-5E99-44E5-86BC-FC9ED8761DAF}.Release|Any CPU.ActiveCfg = Release|Any CPU
		{DE58FE41-5E99-44E5-86BC-FC9ED8761DAF}.Release|Any CPU.Build.0 = Release|Any CPU
		{DE58FE41-5E99-44E5-86BC-FC9ED8761DAF}.Signed|Any CPU.ActiveCfg = Signed|Any CPU
		{DE58FE41-5E99-44E5-86BC-FC9ED8761DAF}.Signed|Any CPU.Build.0 = Signed|Any CPU
		{5DE3C557-48BF-4CDB-9F47-474D343DD841}.Debug|Any CPU.ActiveCfg = Debug|Any CPU
		{5DE3C557-48BF-4CDB-9F47-474D343DD841}.Debug|Any CPU.Build.0 = Debug|Any CPU
		{5DE3C557-48BF-4CDB-9F47-474D343DD841}.Release|Any CPU.ActiveCfg = Release|Any CPU
		{5DE3C557-48BF-4CDB-9F47-474D343DD841}.Release|Any CPU.Build.0 = Release|Any CPU
		{5DE3C557-48BF-4CDB-9F47-474D343DD841}.Signed|Any CPU.ActiveCfg = Signed|Any CPU
		{5DE3C557-48BF-4CDB-9F47-474D343DD841}.Signed|Any CPU.Build.0 = Signed|Any CPU
		{8218C9EE-0A4A-432F-A12A-B54202F97B05}.Debug|Any CPU.ActiveCfg = Debug|Any CPU
		{8218C9EE-0A4A-432F-A12A-B54202F97B05}.Debug|Any CPU.Build.0 = Debug|Any CPU
		{8218C9EE-0A4A-432F-A12A-B54202F97B05}.Release|Any CPU.ActiveCfg = Release|Any CPU
		{8218C9EE-0A4A-432F-A12A-B54202F97B05}.Release|Any CPU.Build.0 = Release|Any CPU
		{8218C9EE-0A4A-432F-A12A-B54202F97B05}.Signed|Any CPU.ActiveCfg = Signed|Any CPU
		{8218C9EE-0A4A-432F-A12A-B54202F97B05}.Signed|Any CPU.Build.0 = Signed|Any CPU
		{2ABD244E-EF8F-460D-9C30-39116499E6E4}.Debug|Any CPU.ActiveCfg = Debug|Any CPU
		{2ABD244E-EF8F-460D-9C30-39116499E6E4}.Debug|Any CPU.Build.0 = Debug|Any CPU
		{2ABD244E-EF8F-460D-9C30-39116499E6E4}.Release|Any CPU.ActiveCfg = Release|Any CPU
		{2ABD244E-EF8F-460D-9C30-39116499E6E4}.Release|Any CPU.Build.0 = Release|Any CPU
		{2ABD244E-EF8F-460D-9C30-39116499E6E4}.Signed|Any CPU.ActiveCfg = Release|Any CPU
		{2ABD244E-EF8F-460D-9C30-39116499E6E4}.Signed|Any CPU.Build.0 = Release|Any CPU
		{58FFEA83-C956-49F9-9435-18332AD0E0D1}.Debug|Any CPU.ActiveCfg = Debug|Any CPU
		{58FFEA83-C956-49F9-9435-18332AD0E0D1}.Debug|Any CPU.Build.0 = Debug|Any CPU
		{58FFEA83-C956-49F9-9435-18332AD0E0D1}.Release|Any CPU.ActiveCfg = Release|Any CPU
		{58FFEA83-C956-49F9-9435-18332AD0E0D1}.Release|Any CPU.Build.0 = Release|Any CPU
		{58FFEA83-C956-49F9-9435-18332AD0E0D1}.Signed|Any CPU.ActiveCfg = Signed|Any CPU
		{58FFEA83-C956-49F9-9435-18332AD0E0D1}.Signed|Any CPU.Build.0 = Signed|Any CPU
		{B509D8B8-BD4A-46B1-916B-685DE387D01B}.Debug|Any CPU.ActiveCfg = Debug|Any CPU
		{B509D8B8-BD4A-46B1-916B-685DE387D01B}.Debug|Any CPU.Build.0 = Debug|Any CPU
		{B509D8B8-BD4A-46B1-916B-685DE387D01B}.Release|Any CPU.ActiveCfg = Release|Any CPU
		{B509D8B8-BD4A-46B1-916B-685DE387D01B}.Release|Any CPU.Build.0 = Release|Any CPU
		{B509D8B8-BD4A-46B1-916B-685DE387D01B}.Signed|Any CPU.ActiveCfg = Release|Any CPU
		{09628314-F44E-445E-9F0D-CBE33B736AC3}.Debug|Any CPU.ActiveCfg = Debug|Any CPU
		{09628314-F44E-445E-9F0D-CBE33B736AC3}.Debug|Any CPU.Build.0 = Debug|Any CPU
		{09628314-F44E-445E-9F0D-CBE33B736AC3}.Release|Any CPU.ActiveCfg = Release|Any CPU
		{09628314-F44E-445E-9F0D-CBE33B736AC3}.Release|Any CPU.Build.0 = Release|Any CPU
		{09628314-F44E-445E-9F0D-CBE33B736AC3}.Signed|Any CPU.ActiveCfg = Release|Any CPU
		{09628314-F44E-445E-9F0D-CBE33B736AC3}.Signed|Any CPU.Build.0 = Release|Any CPU
		{6E76FCAF-C7C8-4F45-8C95-0FD42F2AC83B}.Debug|Any CPU.ActiveCfg = Debug|Any CPU
		{6E76FCAF-C7C8-4F45-8C95-0FD42F2AC83B}.Debug|Any CPU.Build.0 = Debug|Any CPU
		{6E76FCAF-C7C8-4F45-8C95-0FD42F2AC83B}.Release|Any CPU.ActiveCfg = Release|Any CPU
		{6E76FCAF-C7C8-4F45-8C95-0FD42F2AC83B}.Release|Any CPU.Build.0 = Release|Any CPU
		{6E76FCAF-C7C8-4F45-8C95-0FD42F2AC83B}.Signed|Any CPU.ActiveCfg = Release|Any CPU
		{6E76FCAF-C7C8-4F45-8C95-0FD42F2AC83B}.Signed|Any CPU.Build.0 = Release|Any CPU
		{94E10283-E26E-441A-A2A7-D9671A6E9818}.Debug|Any CPU.ActiveCfg = Debug|Any CPU
		{94E10283-E26E-441A-A2A7-D9671A6E9818}.Debug|Any CPU.Build.0 = Debug|Any CPU
		{94E10283-E26E-441A-A2A7-D9671A6E9818}.Release|Any CPU.ActiveCfg = Release|Any CPU
		{94E10283-E26E-441A-A2A7-D9671A6E9818}.Release|Any CPU.Build.0 = Release|Any CPU
		{94E10283-E26E-441A-A2A7-D9671A6E9818}.Signed|Any CPU.ActiveCfg = Release|Any CPU
		{F9566A9E-FABB-4A57-BF20-C1842AB87012}.Debug|Any CPU.ActiveCfg = Debug|Any CPU
		{F9566A9E-FABB-4A57-BF20-C1842AB87012}.Debug|Any CPU.Build.0 = Debug|Any CPU
		{F9566A9E-FABB-4A57-BF20-C1842AB87012}.Release|Any CPU.ActiveCfg = Release|Any CPU
		{F9566A9E-FABB-4A57-BF20-C1842AB87012}.Release|Any CPU.Build.0 = Release|Any CPU
		{F9566A9E-FABB-4A57-BF20-C1842AB87012}.Signed|Any CPU.ActiveCfg = Release|Any CPU
		{F6019665-4C5E-4769-911A-FA1E83549BF5}.Debug|Any CPU.ActiveCfg = Debug|Any CPU
		{F6019665-4C5E-4769-911A-FA1E83549BF5}.Debug|Any CPU.Build.0 = Debug|Any CPU
		{F6019665-4C5E-4769-911A-FA1E83549BF5}.Release|Any CPU.ActiveCfg = Release|Any CPU
		{F6019665-4C5E-4769-911A-FA1E83549BF5}.Release|Any CPU.Build.0 = Release|Any CPU
		{F6019665-4C5E-4769-911A-FA1E83549BF5}.Signed|Any CPU.ActiveCfg = Release|Any CPU
		{1BC30CEA-312E-41ED-A338-75FBC01C8C91}.Debug|Any CPU.ActiveCfg = Debug|Any CPU
		{1BC30CEA-312E-41ED-A338-75FBC01C8C91}.Debug|Any CPU.Build.0 = Debug|Any CPU
		{1BC30CEA-312E-41ED-A338-75FBC01C8C91}.Release|Any CPU.ActiveCfg = Release|Any CPU
		{1BC30CEA-312E-41ED-A338-75FBC01C8C91}.Release|Any CPU.Build.0 = Release|Any CPU
		{1BC30CEA-312E-41ED-A338-75FBC01C8C91}.Signed|Any CPU.ActiveCfg = Release|Any CPU
		{C24AB93F-41E9-4291-BA8F-E9D3CF6C2EBC}.Debug|Any CPU.ActiveCfg = Debug|Any CPU
		{C24AB93F-41E9-4291-BA8F-E9D3CF6C2EBC}.Debug|Any CPU.Build.0 = Debug|Any CPU
		{C24AB93F-41E9-4291-BA8F-E9D3CF6C2EBC}.Release|Any CPU.ActiveCfg = Release|Any CPU
		{C24AB93F-41E9-4291-BA8F-E9D3CF6C2EBC}.Release|Any CPU.Build.0 = Release|Any CPU
		{C24AB93F-41E9-4291-BA8F-E9D3CF6C2EBC}.Signed|Any CPU.ActiveCfg = Release|Any CPU
		{BA163586-F875-4488-9188-53A4A14DFD34}.Debug|Any CPU.ActiveCfg = Debug|Any CPU
		{BA163586-F875-4488-9188-53A4A14DFD34}.Debug|Any CPU.Build.0 = Debug|Any CPU
		{BA163586-F875-4488-9188-53A4A14DFD34}.Release|Any CPU.ActiveCfg = Release|Any CPU
		{BA163586-F875-4488-9188-53A4A14DFD34}.Release|Any CPU.Build.0 = Release|Any CPU
		{BA163586-F875-4488-9188-53A4A14DFD34}.Signed|Any CPU.ActiveCfg = Release|Any CPU
		{D0D45DCD-EF82-43FA-8B95-D85D50378806}.Debug|Any CPU.ActiveCfg = Debug|Any CPU
		{D0D45DCD-EF82-43FA-8B95-D85D50378806}.Debug|Any CPU.Build.0 = Debug|Any CPU
		{D0D45DCD-EF82-43FA-8B95-D85D50378806}.Release|Any CPU.ActiveCfg = Release|Any CPU
		{D0D45DCD-EF82-43FA-8B95-D85D50378806}.Release|Any CPU.Build.0 = Release|Any CPU
		{D0D45DCD-EF82-43FA-8B95-D85D50378806}.Signed|Any CPU.ActiveCfg = Release|Any CPU
		{EDF30087-8B53-4432-84B8-D21BD9F49E95}.Debug|Any CPU.ActiveCfg = Debug|Any CPU
		{EDF30087-8B53-4432-84B8-D21BD9F49E95}.Debug|Any CPU.Build.0 = Debug|Any CPU
		{EDF30087-8B53-4432-84B8-D21BD9F49E95}.Release|Any CPU.ActiveCfg = Release|Any CPU
		{EDF30087-8B53-4432-84B8-D21BD9F49E95}.Release|Any CPU.Build.0 = Release|Any CPU
		{EDF30087-8B53-4432-84B8-D21BD9F49E95}.Signed|Any CPU.ActiveCfg = Release|Any CPU
		{EDF30087-8B53-4432-84B8-D21BD9F49E95}.Signed|Any CPU.Build.0 = Release|Any CPU
		{F2C39894-476D-441D-878F-23A03B848E06}.Debug|Any CPU.ActiveCfg = Debug|Any CPU
		{F2C39894-476D-441D-878F-23A03B848E06}.Debug|Any CPU.Build.0 = Debug|Any CPU
		{F2C39894-476D-441D-878F-23A03B848E06}.Release|Any CPU.ActiveCfg = Release|Any CPU
		{F2C39894-476D-441D-878F-23A03B848E06}.Release|Any CPU.Build.0 = Release|Any CPU
		{F2C39894-476D-441D-878F-23A03B848E06}.Signed|Any CPU.ActiveCfg = Release|Any CPU
		{F2C39894-476D-441D-878F-23A03B848E06}.Signed|Any CPU.Build.0 = Release|Any CPU
		{0F5AC479-520B-476F-8E2B-1849F5B63A91}.Debug|Any CPU.ActiveCfg = Debug|Any CPU
		{0F5AC479-520B-476F-8E2B-1849F5B63A91}.Debug|Any CPU.Build.0 = Debug|Any CPU
		{0F5AC479-520B-476F-8E2B-1849F5B63A91}.Release|Any CPU.ActiveCfg = Release|Any CPU
		{0F5AC479-520B-476F-8E2B-1849F5B63A91}.Release|Any CPU.Build.0 = Release|Any CPU
		{0F5AC479-520B-476F-8E2B-1849F5B63A91}.Signed|Any CPU.ActiveCfg = Release|Any CPU
		{0F5AC479-520B-476F-8E2B-1849F5B63A91}.Signed|Any CPU.Build.0 = Release|Any CPU
		{C7559BFC-023F-445E-BAB8-E2B5E199B774}.Debug|Any CPU.ActiveCfg = Debug|Any CPU
		{C7559BFC-023F-445E-BAB8-E2B5E199B774}.Debug|Any CPU.Build.0 = Debug|Any CPU
		{C7559BFC-023F-445E-BAB8-E2B5E199B774}.Release|Any CPU.ActiveCfg = Release|Any CPU
		{C7559BFC-023F-445E-BAB8-E2B5E199B774}.Release|Any CPU.Build.0 = Release|Any CPU
		{C7559BFC-023F-445E-BAB8-E2B5E199B774}.Signed|Any CPU.ActiveCfg = Release|Any CPU
		{C7559BFC-023F-445E-BAB8-E2B5E199B774}.Signed|Any CPU.Build.0 = Release|Any CPU
		{124620F1-A3B6-4B8D-9954-61BF2021DF39}.Debug|Any CPU.ActiveCfg = Debug|Any CPU
		{124620F1-A3B6-4B8D-9954-61BF2021DF39}.Debug|Any CPU.Build.0 = Debug|Any CPU
		{124620F1-A3B6-4B8D-9954-61BF2021DF39}.Release|Any CPU.ActiveCfg = Release|Any CPU
		{124620F1-A3B6-4B8D-9954-61BF2021DF39}.Release|Any CPU.Build.0 = Release|Any CPU
		{124620F1-A3B6-4B8D-9954-61BF2021DF39}.Signed|Any CPU.ActiveCfg = Release|Any CPU
		{124620F1-A3B6-4B8D-9954-61BF2021DF39}.Signed|Any CPU.Build.0 = Release|Any CPU
		{821D5A3F-F4CD-4579-A0A0-95F6770F1DC4}.Debug|Any CPU.ActiveCfg = Debug|Any CPU
		{821D5A3F-F4CD-4579-A0A0-95F6770F1DC4}.Debug|Any CPU.Build.0 = Debug|Any CPU
		{821D5A3F-F4CD-4579-A0A0-95F6770F1DC4}.Release|Any CPU.ActiveCfg = Release|Any CPU
		{821D5A3F-F4CD-4579-A0A0-95F6770F1DC4}.Release|Any CPU.Build.0 = Release|Any CPU
		{821D5A3F-F4CD-4579-A0A0-95F6770F1DC4}.Signed|Any CPU.ActiveCfg = Release|Any CPU
		{821D5A3F-F4CD-4579-A0A0-95F6770F1DC4}.Signed|Any CPU.Build.0 = Release|Any CPU
		{CAA57BA8-D7F2-467E-8F6F-5BA5B55A2F0B}.Debug|Any CPU.ActiveCfg = Debug|Any CPU
		{CAA57BA8-D7F2-467E-8F6F-5BA5B55A2F0B}.Debug|Any CPU.Build.0 = Debug|Any CPU
		{CAA57BA8-D7F2-467E-8F6F-5BA5B55A2F0B}.Release|Any CPU.ActiveCfg = Release|Any CPU
		{CAA57BA8-D7F2-467E-8F6F-5BA5B55A2F0B}.Release|Any CPU.Build.0 = Release|Any CPU
		{CAA57BA8-D7F2-467E-8F6F-5BA5B55A2F0B}.Signed|Any CPU.ActiveCfg = Release|Any CPU
		{CAA57BA8-D7F2-467E-8F6F-5BA5B55A2F0B}.Signed|Any CPU.Build.0 = Release|Any CPU
		{E7B7F314-6E72-4CE1-B69C-F5732DCF07F2}.Debug|Any CPU.ActiveCfg = Debug|Any CPU
		{E7B7F314-6E72-4CE1-B69C-F5732DCF07F2}.Debug|Any CPU.Build.0 = Debug|Any CPU
		{E7B7F314-6E72-4CE1-B69C-F5732DCF07F2}.Release|Any CPU.ActiveCfg = Release|Any CPU
		{E7B7F314-6E72-4CE1-B69C-F5732DCF07F2}.Release|Any CPU.Build.0 = Release|Any CPU
		{E7B7F314-6E72-4CE1-B69C-F5732DCF07F2}.Signed|Any CPU.ActiveCfg = Release|Any CPU
		{E7B7F314-6E72-4CE1-B69C-F5732DCF07F2}.Signed|Any CPU.Build.0 = Release|Any CPU
		{ABABFE48-551E-4C4B-8640-B334329D5C5D}.Debug|Any CPU.ActiveCfg = Debug|Any CPU
		{ABABFE48-551E-4C4B-8640-B334329D5C5D}.Debug|Any CPU.Build.0 = Debug|Any CPU
		{ABABFE48-551E-4C4B-8640-B334329D5C5D}.Release|Any CPU.ActiveCfg = Release|Any CPU
		{ABABFE48-551E-4C4B-8640-B334329D5C5D}.Release|Any CPU.Build.0 = Release|Any CPU
		{ABABFE48-551E-4C4B-8640-B334329D5C5D}.Signed|Any CPU.ActiveCfg = Release|Any CPU
		{ABABFE48-551E-4C4B-8640-B334329D5C5D}.Signed|Any CPU.Build.0 = Release|Any CPU
		{5543847A-8509-4646-8472-1E4450025FDF}.Debug|Any CPU.ActiveCfg = Debug|Any CPU
		{5543847A-8509-4646-8472-1E4450025FDF}.Debug|Any CPU.Build.0 = Debug|Any CPU
		{5543847A-8509-4646-8472-1E4450025FDF}.Release|Any CPU.ActiveCfg = Release|Any CPU
		{5543847A-8509-4646-8472-1E4450025FDF}.Release|Any CPU.Build.0 = Release|Any CPU
		{5543847A-8509-4646-8472-1E4450025FDF}.Signed|Any CPU.ActiveCfg = Release|Any CPU
		{5543847A-8509-4646-8472-1E4450025FDF}.Signed|Any CPU.Build.0 = Release|Any CPU
		{B6C42665-2A5B-4BFD-B5B9-965C31A383D3}.Debug|Any CPU.ActiveCfg = Debug|Any CPU
		{B6C42665-2A5B-4BFD-B5B9-965C31A383D3}.Debug|Any CPU.Build.0 = Debug|Any CPU
		{B6C42665-2A5B-4BFD-B5B9-965C31A383D3}.Release|Any CPU.ActiveCfg = Release|Any CPU
		{B6C42665-2A5B-4BFD-B5B9-965C31A383D3}.Release|Any CPU.Build.0 = Release|Any CPU
		{B6C42665-2A5B-4BFD-B5B9-965C31A383D3}.Signed|Any CPU.ActiveCfg = Release|Any CPU
		{B6C42665-2A5B-4BFD-B5B9-965C31A383D3}.Signed|Any CPU.Build.0 = Release|Any CPU
		{DDA47BCE-752F-4DEE-BB75-28E7D6921E79}.Debug|Any CPU.ActiveCfg = Debug|Any CPU
		{DDA47BCE-752F-4DEE-BB75-28E7D6921E79}.Debug|Any CPU.Build.0 = Debug|Any CPU
		{DDA47BCE-752F-4DEE-BB75-28E7D6921E79}.Release|Any CPU.ActiveCfg = Release|Any CPU
		{DDA47BCE-752F-4DEE-BB75-28E7D6921E79}.Release|Any CPU.Build.0 = Release|Any CPU
		{DDA47BCE-752F-4DEE-BB75-28E7D6921E79}.Signed|Any CPU.ActiveCfg = Release|Any CPU
		{DDA47BCE-752F-4DEE-BB75-28E7D6921E79}.Signed|Any CPU.Build.0 = Release|Any CPU
		{6AE7CF76-971C-428B-853A-DBE73A861E60}.Debug|Any CPU.ActiveCfg = Debug|Any CPU
		{6AE7CF76-971C-428B-853A-DBE73A861E60}.Debug|Any CPU.Build.0 = Debug|Any CPU
		{6AE7CF76-971C-428B-853A-DBE73A861E60}.Release|Any CPU.ActiveCfg = Release|Any CPU
		{6AE7CF76-971C-428B-853A-DBE73A861E60}.Release|Any CPU.Build.0 = Release|Any CPU
		{6AE7CF76-971C-428B-853A-DBE73A861E60}.Signed|Any CPU.ActiveCfg = Release|Any CPU
		{6AE7CF76-971C-428B-853A-DBE73A861E60}.Signed|Any CPU.Build.0 = Release|Any CPU
		{258ABFFC-4AF5-4CCA-9145-929AC854D139}.Debug|Any CPU.ActiveCfg = Debug|Any CPU
		{258ABFFC-4AF5-4CCA-9145-929AC854D139}.Debug|Any CPU.Build.0 = Debug|Any CPU
		{258ABFFC-4AF5-4CCA-9145-929AC854D139}.Release|Any CPU.ActiveCfg = Release|Any CPU
		{258ABFFC-4AF5-4CCA-9145-929AC854D139}.Release|Any CPU.Build.0 = Release|Any CPU
		{258ABFFC-4AF5-4CCA-9145-929AC854D139}.Signed|Any CPU.ActiveCfg = Release|Any CPU
		{258ABFFC-4AF5-4CCA-9145-929AC854D139}.Signed|Any CPU.Build.0 = Release|Any CPU
	EndGlobalSection
	GlobalSection(SolutionProperties) = preSolution
		HideSolutionNode = FALSE
	EndGlobalSection
	GlobalSection(NestedProjects) = preSolution
		{DE58FE41-5E99-44E5-86BC-FC9ED8761DAF} = {F02D7F30-ABA7-4438-8D28-10898E731906}
		{5DE3C557-48BF-4CDB-9F47-474D343DD841} = {F02D7F30-ABA7-4438-8D28-10898E731906}
		{8218C9EE-0A4A-432F-A12A-B54202F97B05} = {F02D7F30-ABA7-4438-8D28-10898E731906}
		{2ABD244E-EF8F-460D-9C30-39116499E6E4} = {F02D7F30-ABA7-4438-8D28-10898E731906}
		{58FFEA83-C956-49F9-9435-18332AD0E0D1} = {F02D7F30-ABA7-4438-8D28-10898E731906}
		{B509D8B8-BD4A-46B1-916B-685DE387D01B} = {6A0821D4-8A5D-42AD-8E3F-F519100F4AD8}
		{09628314-F44E-445E-9F0D-CBE33B736AC3} = {F02D7F30-ABA7-4438-8D28-10898E731906}
		{6E76FCAF-C7C8-4F45-8C95-0FD42F2AC83B} = {6A0821D4-8A5D-42AD-8E3F-F519100F4AD8}
		{94E10283-E26E-441A-A2A7-D9671A6E9818} = {6A0821D4-8A5D-42AD-8E3F-F519100F4AD8}
		{F9566A9E-FABB-4A57-BF20-C1842AB87012} = {6A0821D4-8A5D-42AD-8E3F-F519100F4AD8}
		{F6019665-4C5E-4769-911A-FA1E83549BF5} = {6A0821D4-8A5D-42AD-8E3F-F519100F4AD8}
		{1BC30CEA-312E-41ED-A338-75FBC01C8C91} = {6A0821D4-8A5D-42AD-8E3F-F519100F4AD8}
		{2F51997C-2026-47CC-A4F8-7560BEC4D918} = {2B766264-D269-415C-8F2A-5AFC44409C01}
		{C24AB93F-41E9-4291-BA8F-E9D3CF6C2EBC} = {2F51997C-2026-47CC-A4F8-7560BEC4D918}
		{BA163586-F875-4488-9188-53A4A14DFD34} = {2F51997C-2026-47CC-A4F8-7560BEC4D918}
		{D0D45DCD-EF82-43FA-8B95-D85D50378806} = {6A0821D4-8A5D-42AD-8E3F-F519100F4AD8}
		{EDF30087-8B53-4432-84B8-D21BD9F49E95} = {6A0821D4-8A5D-42AD-8E3F-F519100F4AD8}
		{F2C39894-476D-441D-878F-23A03B848E06} = {6A0821D4-8A5D-42AD-8E3F-F519100F4AD8}
		{0F5AC479-520B-476F-8E2B-1849F5B63A91} = {6A0821D4-8A5D-42AD-8E3F-F519100F4AD8}
		{AD047ADA-2282-4626-BE51-5B978BC00B03} = {2B766264-D269-415C-8F2A-5AFC44409C01}
		{9C0335DC-7DD0-4D0B-AB26-91F9D1EF9BB4} = {2B766264-D269-415C-8F2A-5AFC44409C01}
		{C7559BFC-023F-445E-BAB8-E2B5E199B774} = {AD047ADA-2282-4626-BE51-5B978BC00B03}
		{124620F1-A3B6-4B8D-9954-61BF2021DF39} = {9C0335DC-7DD0-4D0B-AB26-91F9D1EF9BB4}
		{821D5A3F-F4CD-4579-A0A0-95F6770F1DC4} = {9C0335DC-7DD0-4D0B-AB26-91F9D1EF9BB4}
		{CAA57BA8-D7F2-467E-8F6F-5BA5B55A2F0B} = {AD047ADA-2282-4626-BE51-5B978BC00B03}
		{E7B7F314-6E72-4CE1-B69C-F5732DCF07F2} = {AD047ADA-2282-4626-BE51-5B978BC00B03}
		{74506CCF-00FF-40CD-B892-2A6A3FF5CEA6} = {2B766264-D269-415C-8F2A-5AFC44409C01}
		{ABABFE48-551E-4C4B-8640-B334329D5C5D} = {74506CCF-00FF-40CD-B892-2A6A3FF5CEA6}
		{5543847A-8509-4646-8472-1E4450025FDF} = {74506CCF-00FF-40CD-B892-2A6A3FF5CEA6}
		{C98D8C38-759D-492E-B5E5-B4BBA65A6AC5} = {2B766264-D269-415C-8F2A-5AFC44409C01}
		{B6C42665-2A5B-4BFD-B5B9-965C31A383D3} = {C98D8C38-759D-492E-B5E5-B4BBA65A6AC5}
		{DDA47BCE-752F-4DEE-BB75-28E7D6921E79} = {C98D8C38-759D-492E-B5E5-B4BBA65A6AC5}
		{6AE7CF76-971C-428B-853A-DBE73A861E60} = {F02D7F30-ABA7-4438-8D28-10898E731906}
		{258ABFFC-4AF5-4CCA-9145-929AC854D139} = {6A0821D4-8A5D-42AD-8E3F-F519100F4AD8}
	EndGlobalSection
EndGlobal
